
Microsoft Visual Studio Solution File, Format Version 12.00
# Visual Studio Version 16
VisualStudioVersion = 16.0.30621.155
MinimumVisualStudioVersion = 10.0.40219.1
Project("{FAE04EC0-301F-11D3-BF4B-00C04F79EFBC}") = "AcademChatAPI", "AcademChatAPI\AcademChatAPI.csproj", "{52098A54-F595-4612-8453-3012D7897A2A}"
EndProject
Project("{FAE04EC0-301F-11D3-BF4B-00C04F79EFBC}") = "AcademChatClient", "AcademChatClient\AcademChatClient.csproj", "{53E4DD34-1462-4D35-9A43-D6B62B782CD2}"
EndProject
Project("{FAE04EC0-301F-11D3-BF4B-00C04F79EFBC}") = "ChatClient", "ChatClient\ChatClient.csproj", "{7B6CBDFE-8687-4EAA-9E28-51C3E86359BE}"
EndProject
Global
	GlobalSection(SolutionConfigurationPlatforms) = preSolution
		Debug|Any CPU = Debug|Any CPU
		Release|Any CPU = Release|Any CPU
	EndGlobalSection
	GlobalSection(ProjectConfigurationPlatforms) = postSolution
		{52098A54-F595-4612-8453-3012D7897A2A}.Debug|Any CPU.ActiveCfg = Debug|Any CPU
		{52098A54-F595-4612-8453-3012D7897A2A}.Debug|Any CPU.Build.0 = Debug|Any CPU
		{52098A54-F595-4612-8453-3012D7897A2A}.Release|Any CPU.ActiveCfg = Release|Any CPU
		{52098A54-F595-4612-8453-3012D7897A2A}.Release|Any CPU.Build.0 = Release|Any CPU
		{53E4DD34-1462-4D35-9A43-D6B62B782CD2}.Debug|Any CPU.ActiveCfg = Debug|Any CPU
		{53E4DD34-1462-4D35-9A43-D6B62B782CD2}.Debug|Any CPU.Build.0 = Debug|Any CPU
		{53E4DD34-1462-4D35-9A43-D6B62B782CD2}.Release|Any CPU.ActiveCfg = Release|Any CPU
		{53E4DD34-1462-4D35-9A43-D6B62B782CD2}.Release|Any CPU.Build.0 = Release|Any CPU
		{7B6CBDFE-8687-4EAA-9E28-51C3E86359BE}.Debug|Any CPU.ActiveCfg = Debug|Any CPU
		{7B6CBDFE-8687-4EAA-9E28-51C3E86359BE}.Debug|Any CPU.Build.0 = Debug|Any CPU
		{7B6CBDFE-8687-4EAA-9E28-51C3E86359BE}.Release|Any CPU.ActiveCfg = Release|Any CPU
		{7B6CBDFE-8687-4EAA-9E28-51C3E86359BE}.Release|Any CPU.Build.0 = Release|Any CPU
	EndGlobalSection
	GlobalSection(SolutionProperties) = preSolution
		HideSolutionNode = FALSE
	EndGlobalSection
	GlobalSection(ExtensibilityGlobals) = postSolution
		SolutionGuid = {EE318C38-3FF3-4E3F-878C-1DF517CA0EDE}
	EndGlobalSection
EndGlobal
